
Microsoft Visual Studio Solution File, Format Version 12.00
# Visual Studio Version 17
VisualStudioVersion = 17.12.35527.113 d17.12
MinimumVisualStudioVersion = 10.0.40219.1
Project("{FAE04EC0-301F-11D3-BF4B-00C04F79EFBC}") = "UserAPI", "UserAPI\UserAPI.csproj", "{F71D74E2-4A87-4363-80EC-671188F76513}"
EndProject
Project("{FAE04EC0-301F-11D3-BF4B-00C04F79EFBC}") = "UserAPI_Test", "UserAPI_Test\UserAPI_Test.csproj", "{7FB08F8B-273A-4300-A691-CA2201CD20F5}"
EndProject
Global
	GlobalSection(SolutionConfigurationPlatforms) = preSolution
		Debug|Any CPU = Debug|Any CPU
		Release|Any CPU = Release|Any CPU
	EndGlobalSection
	GlobalSection(ProjectConfigurationPlatforms) = postSolution
		{F71D74E2-4A87-4363-80EC-671188F76513}.Debug|Any CPU.ActiveCfg = Debug|Any CPU
		{F71D74E2-4A87-4363-80EC-671188F76513}.Debug|Any CPU.Build.0 = Debug|Any CPU
		{F71D74E2-4A87-4363-80EC-671188F76513}.Release|Any CPU.ActiveCfg = Release|Any CPU
		{F71D74E2-4A87-4363-80EC-671188F76513}.Release|Any CPU.Build.0 = Release|Any CPU
		{7FB08F8B-273A-4300-A691-CA2201CD20F5}.Debug|Any CPU.ActiveCfg = Debug|Any CPU
		{7FB08F8B-273A-4300-A691-CA2201CD20F5}.Debug|Any CPU.Build.0 = Debug|Any CPU
		{7FB08F8B-273A-4300-A691-CA2201CD20F5}.Release|Any CPU.ActiveCfg = Release|Any CPU
		{7FB08F8B-273A-4300-A691-CA2201CD20F5}.Release|Any CPU.Build.0 = Release|Any CPU
	EndGlobalSection
	GlobalSection(SolutionProperties) = preSolution
		HideSolutionNode = FALSE
	EndGlobalSection
EndGlobal
