
Microsoft Visual Studio Solution File, Format Version 12.00
# Visual Studio Version 17
VisualStudioVersion = 17.12.35527.113 d17.12
MinimumVisualStudioVersion = 10.0.40219.1
Project("{FAE04EC0-301F-11D3-BF4B-00C04F79EFBC}") = "IVPLibraryConsole", "IVPLibraryConsole\IVPLibraryConsole.csproj", "{948622FA-51FF-425F-9722-986481A2F4FC}"
EndProject
Project("{FAE04EC0-301F-11D3-BF4B-00C04F79EFBC}") = "IVPLibrary_DataAccess", "IVPLibrary_DataAccess\IVPLibrary_DataAccess.csproj", "{27B271E0-67F1-49DF-B983-577A1EE0AF23}"
EndProject
Project("{FAE04EC0-301F-11D3-BF4B-00C04F79EFBC}") = "IVPLibrary_Models", "IVPLibrary_Models\IVPLibrary_Models.csproj", "{6CB36A30-2B64-467D-92A5-B28378E02AD5}"
EndProject
Global
	GlobalSection(SolutionConfigurationPlatforms) = preSolution
		Debug|Any CPU = Debug|Any CPU
		Release|Any CPU = Release|Any CPU
	EndGlobalSection
	GlobalSection(ProjectConfigurationPlatforms) = postSolution
		{948622FA-51FF-425F-9722-986481A2F4FC}.Debug|Any CPU.ActiveCfg = Debug|Any CPU
		{948622FA-51FF-425F-9722-986481A2F4FC}.Debug|Any CPU.Build.0 = Debug|Any CPU
		{948622FA-51FF-425F-9722-986481A2F4FC}.Release|Any CPU.ActiveCfg = Release|Any CPU
		{948622FA-51FF-425F-9722-986481A2F4FC}.Release|Any CPU.Build.0 = Release|Any CPU
		{27B271E0-67F1-49DF-B983-577A1EE0AF23}.Debug|Any CPU.ActiveCfg = Debug|Any CPU
		{27B271E0-67F1-49DF-B983-577A1EE0AF23}.Debug|Any CPU.Build.0 = Debug|Any CPU
		{27B271E0-67F1-49DF-B983-577A1EE0AF23}.Release|Any CPU.ActiveCfg = Release|Any CPU
		{27B271E0-67F1-49DF-B983-577A1EE0AF23}.Release|Any CPU.Build.0 = Release|Any CPU
		{6CB36A30-2B64-467D-92A5-B28378E02AD5}.Debug|Any CPU.ActiveCfg = Debug|Any CPU
		{6CB36A30-2B64-467D-92A5-B28378E02AD5}.Debug|Any CPU.Build.0 = Debug|Any CPU
		{6CB36A30-2B64-467D-92A5-B28378E02AD5}.Release|Any CPU.ActiveCfg = Release|Any CPU
		{6CB36A30-2B64-467D-92A5-B28378E02AD5}.Release|Any CPU.Build.0 = Release|Any CPU
	EndGlobalSection
	GlobalSection(SolutionProperties) = preSolution
		HideSolutionNode = FALSE
	EndGlobalSection
EndGlobal
